// !$*UTF8*$!
{
	archiveVersion = 1;
	classes = {
	};
	objectVersion = 46;
	objects = {

/* Begin PBXBuildFile section */
		3E9496E21BC70E310016B12A /* AppDelegate.swift in Sources */ = {isa = PBXBuildFile; fileRef = 3E9496E11BC70E310016B12A /* AppDelegate.swift */; };
		3E9496E41BC70E310016B12A /* ViewController.swift in Sources */ = {isa = PBXBuildFile; fileRef = 3E9496E31BC70E310016B12A /* ViewController.swift */; };
		3E9496E71BC70E310016B12A /* Main.storyboard in Resources */ = {isa = PBXBuildFile; fileRef = 3E9496E51BC70E310016B12A /* Main.storyboard */; };
		3E9496E91BC70E310016B12A /* Assets.xcassets in Resources */ = {isa = PBXBuildFile; fileRef = 3E9496E81BC70E310016B12A /* Assets.xcassets */; };
		3E9496EC1BC70E310016B12A /* LaunchScreen.storyboard in Resources */ = {isa = PBXBuildFile; fileRef = 3E9496EA1BC70E310016B12A /* LaunchScreen.storyboard */; };
		3E9496F71BC73FA70016B12A /* Verona.framework in Frameworks */ = {isa = PBXBuildFile; fileRef = 3EFF1B191B1F2069000A3040 /* Verona.framework */; };
		3EFF1B1F1B1F2069000A3040 /* Verona.h in Headers */ = {isa = PBXBuildFile; fileRef = 3EFF1B1E1B1F2069000A3040 /* Verona.h */; settings = {ATTRIBUTES = (Public, ); }; };
		3EFF1B251B1F2069000A3040 /* Verona.framework in Frameworks */ = {isa = PBXBuildFile; fileRef = 3EFF1B191B1F2069000A3040 /* Verona.framework */; };
		3EFF1B2C1B1F2069000A3040 /* VeronaTests.swift in Sources */ = {isa = PBXBuildFile; fileRef = 3EFF1B2B1B1F2069000A3040 /* VeronaTests.swift */; };
		3EFF1B361B1F2071000A3040 /* Verona.swift in Sources */ = {isa = PBXBuildFile; fileRef = 3EFF1B351B1F2071000A3040 /* Verona.swift */; settings = {ATTRIBUTES = (Public, ); }; };
		EB92635E9DBA43C720EDC86C /* Pods_VeronaApp.framework in Frameworks */ = {isa = PBXBuildFile; fileRef = FF7B71C20F24D6AFDAAD8F52 /* Pods_VeronaApp.framework */; };
		EF7E71A2371A7A06DAB5B85A /* Pods_VeronaTests.framework in Frameworks */ = {isa = PBXBuildFile; fileRef = E17A8EA10DD57EFB4ED340FE /* Pods_VeronaTests.framework */; };
/* End PBXBuildFile section */

/* Begin PBXContainerItemProxy section */
		3E9496F11BC70EA60016B12A /* PBXContainerItemProxy */ = {
			isa = PBXContainerItemProxy;
			containerPortal = 3EFF1B101B1F2069000A3040 /* Project object */;
			proxyType = 1;
			remoteGlobalIDString = 3E9496DE1BC70E300016B12A;
			remoteInfo = VeronaApp;
		};
		3E9496F51BC73F9E0016B12A /* PBXContainerItemProxy */ = {
			isa = PBXContainerItemProxy;
			containerPortal = 3EFF1B101B1F2069000A3040 /* Project object */;
			proxyType = 1;
			remoteGlobalIDString = 3EFF1B181B1F2069000A3040;
			remoteInfo = Verona;
		};
		3EFF1B261B1F2069000A3040 /* PBXContainerItemProxy */ = {
			isa = PBXContainerItemProxy;
			containerPortal = 3EFF1B101B1F2069000A3040 /* Project object */;
			proxyType = 1;
			remoteGlobalIDString = 3EFF1B181B1F2069000A3040;
			remoteInfo = Verona;
		};
/* End PBXContainerItemProxy section */

/* Begin PBXFileReference section */
		2D36150783E85C8E139DA93E /* Pods-VeronaApp.debug.xcconfig */ = {isa = PBXFileReference; includeInIndex = 1; lastKnownFileType = text.xcconfig; name = "Pods-VeronaApp.debug.xcconfig"; path = "Pods/Target Support Files/Pods-VeronaApp/Pods-VeronaApp.debug.xcconfig"; sourceTree = "<group>"; };
		3E7C496E1B29AEBA00E1FC79 /* TryVerona.playground */ = {isa = PBXFileReference; lastKnownFileType = file.playground; path = TryVerona.playground; sourceTree = SOURCE_ROOT; };
		3E9496DF1BC70E300016B12A /* VeronaApp.app */ = {isa = PBXFileReference; explicitFileType = wrapper.application; includeInIndex = 0; path = VeronaApp.app; sourceTree = BUILT_PRODUCTS_DIR; };
		3E9496E11BC70E310016B12A /* AppDelegate.swift */ = {isa = PBXFileReference; lastKnownFileType = sourcecode.swift; path = AppDelegate.swift; sourceTree = "<group>"; };
		3E9496E31BC70E310016B12A /* ViewController.swift */ = {isa = PBXFileReference; lastKnownFileType = sourcecode.swift; path = ViewController.swift; sourceTree = "<group>"; };
		3E9496E61BC70E310016B12A /* Base */ = {isa = PBXFileReference; lastKnownFileType = file.storyboard; name = Base; path = Base.lproj/Main.storyboard; sourceTree = "<group>"; };
		3E9496E81BC70E310016B12A /* Assets.xcassets */ = {isa = PBXFileReference; lastKnownFileType = folder.assetcatalog; path = Assets.xcassets; sourceTree = "<group>"; };
		3E9496EB1BC70E310016B12A /* Base */ = {isa = PBXFileReference; lastKnownFileType = file.storyboard; name = Base; path = Base.lproj/LaunchScreen.storyboard; sourceTree = "<group>"; };
		3E9496ED1BC70E310016B12A /* Info.plist */ = {isa = PBXFileReference; lastKnownFileType = text.plist.xml; path = Info.plist; sourceTree = "<group>"; };
		3EFF1B191B1F2069000A3040 /* Verona.framework */ = {isa = PBXFileReference; explicitFileType = wrapper.framework; includeInIndex = 0; path = Verona.framework; sourceTree = BUILT_PRODUCTS_DIR; };
		3EFF1B1D1B1F2069000A3040 /* Info.plist */ = {isa = PBXFileReference; lastKnownFileType = text.plist.xml; path = Info.plist; sourceTree = "<group>"; };
		3EFF1B1E1B1F2069000A3040 /* Verona.h */ = {isa = PBXFileReference; lastKnownFileType = sourcecode.c.h; path = Verona.h; sourceTree = "<group>"; };
		3EFF1B241B1F2069000A3040 /* VeronaTests.xctest */ = {isa = PBXFileReference; explicitFileType = wrapper.cfbundle; includeInIndex = 0; path = VeronaTests.xctest; sourceTree = BUILT_PRODUCTS_DIR; };
		3EFF1B2A1B1F2069000A3040 /* Info.plist */ = {isa = PBXFileReference; lastKnownFileType = text.plist.xml; path = Info.plist; sourceTree = "<group>"; };
		3EFF1B2B1B1F2069000A3040 /* VeronaTests.swift */ = {isa = PBXFileReference; lastKnownFileType = sourcecode.swift; path = VeronaTests.swift; sourceTree = "<group>"; };
		3EFF1B351B1F2071000A3040 /* Verona.swift */ = {isa = PBXFileReference; fileEncoding = 4; lastKnownFileType = sourcecode.swift; path = Verona.swift; sourceTree = "<group>"; };
		650D1DF05FA73FF142B67E72 /* Pods-VeronaTests.release.xcconfig */ = {isa = PBXFileReference; includeInIndex = 1; lastKnownFileType = text.xcconfig; name = "Pods-VeronaTests.release.xcconfig"; path = "Pods/Target Support Files/Pods-VeronaTests/Pods-VeronaTests.release.xcconfig"; sourceTree = "<group>"; };
		D3B7E6D49FC9A32329908231 /* Pods-VeronaApp.release.xcconfig */ = {isa = PBXFileReference; includeInIndex = 1; lastKnownFileType = text.xcconfig; name = "Pods-VeronaApp.release.xcconfig"; path = "Pods/Target Support Files/Pods-VeronaApp/Pods-VeronaApp.release.xcconfig"; sourceTree = "<group>"; };
		E17A8EA10DD57EFB4ED340FE /* Pods_VeronaTests.framework */ = {isa = PBXFileReference; explicitFileType = wrapper.framework; includeInIndex = 0; path = Pods_VeronaTests.framework; sourceTree = BUILT_PRODUCTS_DIR; };
		E83A3C022FA1BA111126EEEF /* Pods-VeronaTests.debug.xcconfig */ = {isa = PBXFileReference; includeInIndex = 1; lastKnownFileType = text.xcconfig; name = "Pods-VeronaTests.debug.xcconfig"; path = "Pods/Target Support Files/Pods-VeronaTests/Pods-VeronaTests.debug.xcconfig"; sourceTree = "<group>"; };
		FF7B71C20F24D6AFDAAD8F52 /* Pods_VeronaApp.framework */ = {isa = PBXFileReference; explicitFileType = wrapper.framework; includeInIndex = 0; path = Pods_VeronaApp.framework; sourceTree = BUILT_PRODUCTS_DIR; };
/* End PBXFileReference section */

/* Begin PBXFrameworksBuildPhase section */
		3E9496DC1BC70E300016B12A /* Frameworks */ = {
			isa = PBXFrameworksBuildPhase;
			buildActionMask = 2147483647;
			files = (
				3E9496F71BC73FA70016B12A /* Verona.framework in Frameworks */,
				EB92635E9DBA43C720EDC86C /* Pods_VeronaApp.framework in Frameworks */,
			);
			runOnlyForDeploymentPostprocessing = 0;
		};
		3EFF1B151B1F2069000A3040 /* Frameworks */ = {
			isa = PBXFrameworksBuildPhase;
			buildActionMask = 2147483647;
			files = (
			);
			runOnlyForDeploymentPostprocessing = 0;
		};
		3EFF1B211B1F2069000A3040 /* Frameworks */ = {
			isa = PBXFrameworksBuildPhase;
			buildActionMask = 2147483647;
			files = (
				3EFF1B251B1F2069000A3040 /* Verona.framework in Frameworks */,
				EF7E71A2371A7A06DAB5B85A /* Pods_VeronaTests.framework in Frameworks */,
			);
			runOnlyForDeploymentPostprocessing = 0;
		};
/* End PBXFrameworksBuildPhase section */

/* Begin PBXGroup section */
		3E9496E01BC70E310016B12A /* VeronaApp */ = {
			isa = PBXGroup;
			children = (
				3E9496E11BC70E310016B12A /* AppDelegate.swift */,
				3E9496E31BC70E310016B12A /* ViewController.swift */,
				3E9496E51BC70E310016B12A /* Main.storyboard */,
				3E9496E81BC70E310016B12A /* Assets.xcassets */,
				3E9496EA1BC70E310016B12A /* LaunchScreen.storyboard */,
				3E9496ED1BC70E310016B12A /* Info.plist */,
			);
			path = VeronaApp;
			sourceTree = "<group>";
		};
		3EFF1B0F1B1F2069000A3040 = {
			isa = PBXGroup;
			children = (
				3E7C496E1B29AEBA00E1FC79 /* TryVerona.playground */,
				3EFF1B1B1B1F2069000A3040 /* Verona */,
				3EFF1B281B1F2069000A3040 /* VeronaTests */,
				3E9496E01BC70E310016B12A /* VeronaApp */,
				3EFF1B1A1B1F2069000A3040 /* Products */,
				7ECEBFACDC13D09E23936849 /* Pods */,
				A80F0B8DBF31066AD2C60FE9 /* Frameworks */,
			);
			sourceTree = "<group>";
		};
		3EFF1B1A1B1F2069000A3040 /* Products */ = {
			isa = PBXGroup;
			children = (
				3EFF1B191B1F2069000A3040 /* Verona.framework */,
				3EFF1B241B1F2069000A3040 /* VeronaTests.xctest */,
				3E9496DF1BC70E300016B12A /* VeronaApp.app */,
			);
			name = Products;
			sourceTree = "<group>";
		};
		3EFF1B1B1B1F2069000A3040 /* Verona */ = {
			isa = PBXGroup;
			children = (
				3EFF1B351B1F2071000A3040 /* Verona.swift */,
				3EFF1B1E1B1F2069000A3040 /* Verona.h */,
				3EFF1B1C1B1F2069000A3040 /* Supporting Files */,
			);
			path = Verona;
			sourceTree = "<group>";
		};
		3EFF1B1C1B1F2069000A3040 /* Supporting Files */ = {
			isa = PBXGroup;
			children = (
				3EFF1B1D1B1F2069000A3040 /* Info.plist */,
			);
			name = "Supporting Files";
			sourceTree = "<group>";
		};
		3EFF1B281B1F2069000A3040 /* VeronaTests */ = {
			isa = PBXGroup;
			children = (
				3EFF1B2B1B1F2069000A3040 /* VeronaTests.swift */,
				3EFF1B291B1F2069000A3040 /* Supporting Files */,
			);
			path = VeronaTests;
			sourceTree = "<group>";
		};
		3EFF1B291B1F2069000A3040 /* Supporting Files */ = {
			isa = PBXGroup;
			children = (
				3EFF1B2A1B1F2069000A3040 /* Info.plist */,
			);
			name = "Supporting Files";
			sourceTree = "<group>";
		};
		7ECEBFACDC13D09E23936849 /* Pods */ = {
			isa = PBXGroup;
			children = (
				2D36150783E85C8E139DA93E /* Pods-VeronaApp.debug.xcconfig */,
				D3B7E6D49FC9A32329908231 /* Pods-VeronaApp.release.xcconfig */,
				E83A3C022FA1BA111126EEEF /* Pods-VeronaTests.debug.xcconfig */,
				650D1DF05FA73FF142B67E72 /* Pods-VeronaTests.release.xcconfig */,
			);
			name = Pods;
			sourceTree = "<group>";
		};
		A80F0B8DBF31066AD2C60FE9 /* Frameworks */ = {
			isa = PBXGroup;
			children = (
				FF7B71C20F24D6AFDAAD8F52 /* Pods_VeronaApp.framework */,
				E17A8EA10DD57EFB4ED340FE /* Pods_VeronaTests.framework */,
			);
			name = Frameworks;
			sourceTree = "<group>";
		};
/* End PBXGroup section */

/* Begin PBXHeadersBuildPhase section */
		3EFF1B161B1F2069000A3040 /* Headers */ = {
			isa = PBXHeadersBuildPhase;
			buildActionMask = 2147483647;
			files = (
				3EFF1B1F1B1F2069000A3040 /* Verona.h in Headers */,
			);
			runOnlyForDeploymentPostprocessing = 0;
		};
/* End PBXHeadersBuildPhase section */

/* Begin PBXNativeTarget section */
		3E9496DE1BC70E300016B12A /* VeronaApp */ = {
			isa = PBXNativeTarget;
			buildConfigurationList = 3E9496F01BC70E310016B12A /* Build configuration list for PBXNativeTarget "VeronaApp" */;
			buildPhases = (
				5D4F9980C939B6C829E5DAF0 /* [CP] Check Pods Manifest.lock */,
				3E9496DB1BC70E300016B12A /* Sources */,
				3E9496DC1BC70E300016B12A /* Frameworks */,
				3E9496DD1BC70E300016B12A /* Resources */,
				D2CBBCA7BCAD5EBF5A4B4780 /* [CP] Embed Pods Frameworks */,
				70F0BA574C95F4610E4B6552 /* [CP] Copy Pods Resources */,
			);
			buildRules = (
			);
			dependencies = (
				3E9496F61BC73F9E0016B12A /* PBXTargetDependency */,
			);
			name = VeronaApp;
			productName = VeronaApp;
			productReference = 3E9496DF1BC70E300016B12A /* VeronaApp.app */;
			productType = "com.apple.product-type.application";
		};
		3EFF1B181B1F2069000A3040 /* Verona */ = {
			isa = PBXNativeTarget;
			buildConfigurationList = 3EFF1B2F1B1F2069000A3040 /* Build configuration list for PBXNativeTarget "Verona" */;
			buildPhases = (
				3EFF1B141B1F2069000A3040 /* Sources */,
				3EFF1B151B1F2069000A3040 /* Frameworks */,
				3EFF1B161B1F2069000A3040 /* Headers */,
				3EFF1B171B1F2069000A3040 /* Resources */,
			);
			buildRules = (
			);
			dependencies = (
			);
			name = Verona;
			productName = Verona;
			productReference = 3EFF1B191B1F2069000A3040 /* Verona.framework */;
			productType = "com.apple.product-type.framework";
		};
		3EFF1B231B1F2069000A3040 /* VeronaTests */ = {
			isa = PBXNativeTarget;
			buildConfigurationList = 3EFF1B321B1F2069000A3040 /* Build configuration list for PBXNativeTarget "VeronaTests" */;
			buildPhases = (
				A578601B42DDD5392C4E94C5 /* [CP] Check Pods Manifest.lock */,
				3EFF1B201B1F2069000A3040 /* Sources */,
				3EFF1B211B1F2069000A3040 /* Frameworks */,
				3EFF1B221B1F2069000A3040 /* Resources */,
				21846646C022F05007DDB145 /* [CP] Embed Pods Frameworks */,
				49A7B54B8AA9C19C6678DFDA /* [CP] Copy Pods Resources */,
			);
			buildRules = (
			);
			dependencies = (
				3EFF1B271B1F2069000A3040 /* PBXTargetDependency */,
				3E9496F21BC70EA60016B12A /* PBXTargetDependency */,
			);
			name = VeronaTests;
			productName = VeronaTests;
			productReference = 3EFF1B241B1F2069000A3040 /* VeronaTests.xctest */;
			productType = "com.apple.product-type.bundle.unit-test";
		};
/* End PBXNativeTarget section */

/* Begin PBXProject section */
		3EFF1B101B1F2069000A3040 /* Project object */ = {
			isa = PBXProject;
			attributes = {
				LastSwiftMigration = 0700;
				LastSwiftUpdateCheck = 0700;
				LastUpgradeCheck = 0700;
				ORGANIZATIONNAME = "Salvatore Randazzo";
				TargetAttributes = {
					3E9496DE1BC70E300016B12A = {
						CreatedOnToolsVersion = 7.0;
						LastSwiftMigration = 0800;
					};
					3EFF1B181B1F2069000A3040 = {
						CreatedOnToolsVersion = 6.3.2;
						LastSwiftMigration = 0800;
					};
					3EFF1B231B1F2069000A3040 = {
						CreatedOnToolsVersion = 6.3.2;
						LastSwiftMigration = 0800;
						TestTargetID = 3E9496DE1BC70E300016B12A;
					};
				};
			};
			buildConfigurationList = 3EFF1B131B1F2069000A3040 /* Build configuration list for PBXProject "Verona" */;
			compatibilityVersion = "Xcode 3.2";
			developmentRegion = English;
			hasScannedForEncodings = 0;
			knownRegions = (
				en,
				Base,
			);
			mainGroup = 3EFF1B0F1B1F2069000A3040;
			productRefGroup = 3EFF1B1A1B1F2069000A3040 /* Products */;
			projectDirPath = "";
			projectRoot = "";
			targets = (
				3EFF1B181B1F2069000A3040 /* Verona */,
				3EFF1B231B1F2069000A3040 /* VeronaTests */,
				3E9496DE1BC70E300016B12A /* VeronaApp */,
			);
		};
/* End PBXProject section */

/* Begin PBXResourcesBuildPhase section */
		3E9496DD1BC70E300016B12A /* Resources */ = {
			isa = PBXResourcesBuildPhase;
			buildActionMask = 2147483647;
			files = (
				3E9496EC1BC70E310016B12A /* LaunchScreen.storyboard in Resources */,
				3E9496E91BC70E310016B12A /* Assets.xcassets in Resources */,
				3E9496E71BC70E310016B12A /* Main.storyboard in Resources */,
			);
			runOnlyForDeploymentPostprocessing = 0;
		};
		3EFF1B171B1F2069000A3040 /* Resources */ = {
			isa = PBXResourcesBuildPhase;
			buildActionMask = 2147483647;
			files = (
			);
			runOnlyForDeploymentPostprocessing = 0;
		};
		3EFF1B221B1F2069000A3040 /* Resources */ = {
			isa = PBXResourcesBuildPhase;
			buildActionMask = 2147483647;
			files = (
			);
			runOnlyForDeploymentPostprocessing = 0;
		};
/* End PBXResourcesBuildPhase section */

/* Begin PBXShellScriptBuildPhase section */
		21846646C022F05007DDB145 /* [CP] Embed Pods Frameworks */ = {
			isa = PBXShellScriptBuildPhase;
			buildActionMask = 2147483647;
			files = (
			);
			inputPaths = (
			);
			name = "[CP] Embed Pods Frameworks";
			outputPaths = (
			);
			runOnlyForDeploymentPostprocessing = 0;
			shellPath = /bin/sh;
			shellScript = "\"${SRCROOT}/Pods/Target Support Files/Pods-VeronaTests/Pods-VeronaTests-frameworks.sh\"\n";
			showEnvVarsInLog = 0;
		};
		49A7B54B8AA9C19C6678DFDA /* [CP] Copy Pods Resources */ = {
			isa = PBXShellScriptBuildPhase;
			buildActionMask = 2147483647;
			files = (
			);
			inputPaths = (
			);
			name = "[CP] Copy Pods Resources";
			outputPaths = (
			);
			runOnlyForDeploymentPostprocessing = 0;
			shellPath = /bin/sh;
			shellScript = "\"${SRCROOT}/Pods/Target Support Files/Pods-VeronaTests/Pods-VeronaTests-resources.sh\"\n";
			showEnvVarsInLog = 0;
		};
		5D4F9980C939B6C829E5DAF0 /* [CP] Check Pods Manifest.lock */ = {
			isa = PBXShellScriptBuildPhase;
			buildActionMask = 2147483647;
			files = (
			);
			inputPaths = (
			);
			name = "[CP] Check Pods Manifest.lock";
			outputPaths = (
			);
			runOnlyForDeploymentPostprocessing = 0;
			shellPath = /bin/sh;
			shellScript = "diff \"${PODS_ROOT}/../Podfile.lock\" \"${PODS_ROOT}/Manifest.lock\" > /dev/null\nif [[ $? != 0 ]] ; then\n    cat << EOM\nerror: The sandbox is not in sync with the Podfile.lock. Run 'pod install' or update your CocoaPods installation.\nEOM\n    exit 1\nfi\n";
			showEnvVarsInLog = 0;
		};
		70F0BA574C95F4610E4B6552 /* [CP] Copy Pods Resources */ = {
			isa = PBXShellScriptBuildPhase;
			buildActionMask = 2147483647;
			files = (
			);
			inputPaths = (
			);
			name = "[CP] Copy Pods Resources";
			outputPaths = (
			);
			runOnlyForDeploymentPostprocessing = 0;
			shellPath = /bin/sh;
			shellScript = "\"${SRCROOT}/Pods/Target Support Files/Pods-VeronaApp/Pods-VeronaApp-resources.sh\"\n";
			showEnvVarsInLog = 0;
		};
		A578601B42DDD5392C4E94C5 /* [CP] Check Pods Manifest.lock */ = {
			isa = PBXShellScriptBuildPhase;
			buildActionMask = 2147483647;
			files = (
			);
			inputPaths = (
			);
			name = "[CP] Check Pods Manifest.lock";
			outputPaths = (
			);
			runOnlyForDeploymentPostprocessing = 0;
			shellPath = /bin/sh;
			shellScript = "diff \"${PODS_ROOT}/../Podfile.lock\" \"${PODS_ROOT}/Manifest.lock\" > /dev/null\nif [[ $? != 0 ]] ; then\n    cat << EOM\nerror: The sandbox is not in sync with the Podfile.lock. Run 'pod install' or update your CocoaPods installation.\nEOM\n    exit 1\nfi\n";
			showEnvVarsInLog = 0;
		};
		D2CBBCA7BCAD5EBF5A4B4780 /* [CP] Embed Pods Frameworks */ = {
			isa = PBXShellScriptBuildPhase;
			buildActionMask = 2147483647;
			files = (
			);
			inputPaths = (
			);
			name = "[CP] Embed Pods Frameworks";
			outputPaths = (
			);
			runOnlyForDeploymentPostprocessing = 0;
			shellPath = /bin/sh;
			shellScript = "\"${SRCROOT}/Pods/Target Support Files/Pods-VeronaApp/Pods-VeronaApp-frameworks.sh\"\n";
			showEnvVarsInLog = 0;
		};
/* End PBXShellScriptBuildPhase section */

/* Begin PBXSourcesBuildPhase section */
		3E9496DB1BC70E300016B12A /* Sources */ = {
			isa = PBXSourcesBuildPhase;
			buildActionMask = 2147483647;
			files = (
				3E9496E41BC70E310016B12A /* ViewController.swift in Sources */,
				3E9496E21BC70E310016B12A /* AppDelegate.swift in Sources */,
			);
			runOnlyForDeploymentPostprocessing = 0;
		};
		3EFF1B141B1F2069000A3040 /* Sources */ = {
			isa = PBXSourcesBuildPhase;
			buildActionMask = 2147483647;
			files = (
				3EFF1B361B1F2071000A3040 /* Verona.swift in Sources */,
			);
			runOnlyForDeploymentPostprocessing = 0;
		};
		3EFF1B201B1F2069000A3040 /* Sources */ = {
			isa = PBXSourcesBuildPhase;
			buildActionMask = 2147483647;
			files = (
				3EFF1B2C1B1F2069000A3040 /* VeronaTests.swift in Sources */,
			);
			runOnlyForDeploymentPostprocessing = 0;
		};
/* End PBXSourcesBuildPhase section */

/* Begin PBXTargetDependency section */
		3E9496F21BC70EA60016B12A /* PBXTargetDependency */ = {
			isa = PBXTargetDependency;
			target = 3E9496DE1BC70E300016B12A /* VeronaApp */;
			targetProxy = 3E9496F11BC70EA60016B12A /* PBXContainerItemProxy */;
		};
		3E9496F61BC73F9E0016B12A /* PBXTargetDependency */ = {
			isa = PBXTargetDependency;
			target = 3EFF1B181B1F2069000A3040 /* Verona */;
			targetProxy = 3E9496F51BC73F9E0016B12A /* PBXContainerItemProxy */;
		};
		3EFF1B271B1F2069000A3040 /* PBXTargetDependency */ = {
			isa = PBXTargetDependency;
			target = 3EFF1B181B1F2069000A3040 /* Verona */;
			targetProxy = 3EFF1B261B1F2069000A3040 /* PBXContainerItemProxy */;
		};
/* End PBXTargetDependency section */

/* Begin PBXVariantGroup section */
		3E9496E51BC70E310016B12A /* Main.storyboard */ = {
			isa = PBXVariantGroup;
			children = (
				3E9496E61BC70E310016B12A /* Base */,
			);
			name = Main.storyboard;
			sourceTree = "<group>";
		};
		3E9496EA1BC70E310016B12A /* LaunchScreen.storyboard */ = {
			isa = PBXVariantGroup;
			children = (
				3E9496EB1BC70E310016B12A /* Base */,
			);
			name = LaunchScreen.storyboard;
			sourceTree = "<group>";
		};
/* End PBXVariantGroup section */

/* Begin XCBuildConfiguration section */
		3E9496EE1BC70E310016B12A /* Debug */ = {
			isa = XCBuildConfiguration;
			baseConfigurationReference = 2D36150783E85C8E139DA93E /* Pods-VeronaApp.debug.xcconfig */;
			buildSettings = {
				ASSETCATALOG_COMPILER_APPICON_NAME = AppIcon;
				DEBUG_INFORMATION_FORMAT = dwarf;
				INFOPLIST_FILE = VeronaApp/Info.plist;
				IPHONEOS_DEPLOYMENT_TARGET = 9.0;
				LD_RUNPATH_SEARCH_PATHS = "$(inherited) @executable_path/Frameworks";
				PRODUCT_BUNDLE_IDENTIFIER = com.randazzo.VeronaApp;
				PRODUCT_NAME = "$(TARGET_NAME)";
				SWIFT_VERSION = 3.0;
			};
			name = Debug;
		};
		3E9496EF1BC70E310016B12A /* Release */ = {
			isa = XCBuildConfiguration;
			baseConfigurationReference = D3B7E6D49FC9A32329908231 /* Pods-VeronaApp.release.xcconfig */;
			buildSettings = {
				ASSETCATALOG_COMPILER_APPICON_NAME = AppIcon;
				INFOPLIST_FILE = VeronaApp/Info.plist;
				IPHONEOS_DEPLOYMENT_TARGET = 9.0;
				LD_RUNPATH_SEARCH_PATHS = "$(inherited) @executable_path/Frameworks";
				PRODUCT_BUNDLE_IDENTIFIER = com.randazzo.VeronaApp;
				PRODUCT_NAME = "$(TARGET_NAME)";
				SWIFT_VERSION = 3.0;
			};
			name = Release;
		};
		3EFF1B2D1B1F2069000A3040 /* Debug */ = {
			isa = XCBuildConfiguration;
			buildSettings = {
				ALWAYS_SEARCH_USER_PATHS = NO;
				CLANG_CXX_LANGUAGE_STANDARD = "gnu++0x";
				CLANG_CXX_LIBRARY = "libc++";
				CLANG_ENABLE_MODULES = YES;
				CLANG_ENABLE_OBJC_ARC = YES;
				CLANG_WARN_BOOL_CONVERSION = YES;
				CLANG_WARN_CONSTANT_CONVERSION = YES;
				CLANG_WARN_DIRECT_OBJC_ISA_USAGE = YES_ERROR;
				CLANG_WARN_EMPTY_BODY = YES;
				CLANG_WARN_ENUM_CONVERSION = YES;
				CLANG_WARN_INT_CONVERSION = YES;
				CLANG_WARN_OBJC_ROOT_CLASS = YES_ERROR;
				CLANG_WARN_UNREACHABLE_CODE = YES;
				CLANG_WARN__DUPLICATE_METHOD_MATCH = YES;
				"CODE_SIGN_IDENTITY[sdk=iphoneos*]" = "iPhone Developer";
				COPY_PHASE_STRIP = NO;
				CURRENT_PROJECT_VERSION = 1;
				DEBUG_INFORMATION_FORMAT = "dwarf-with-dsym";
				ENABLE_STRICT_OBJC_MSGSEND = YES;
				ENABLE_TESTABILITY = YES;
				GCC_C_LANGUAGE_STANDARD = gnu99;
				GCC_DYNAMIC_NO_PIC = NO;
				GCC_NO_COMMON_BLOCKS = YES;
				GCC_OPTIMIZATION_LEVEL = 0;
				GCC_PREPROCESSOR_DEFINITIONS = (
					"DEBUG=1",
					"$(inherited)",
				);
				GCC_SYMBOLS_PRIVATE_EXTERN = NO;
				GCC_WARN_64_TO_32_BIT_CONVERSION = YES;
				GCC_WARN_ABOUT_RETURN_TYPE = YES_ERROR;
				GCC_WARN_UNDECLARED_SELECTOR = YES;
				GCC_WARN_UNINITIALIZED_AUTOS = YES_AGGRESSIVE;
				GCC_WARN_UNUSED_FUNCTION = YES;
				GCC_WARN_UNUSED_VARIABLE = YES;
				IPHONEOS_DEPLOYMENT_TARGET = 8.3;
				MTL_ENABLE_DEBUG_INFO = YES;
				ONLY_ACTIVE_ARCH = YES;
				SDKROOT = iphoneos;
				SWIFT_OPTIMIZATION_LEVEL = "-Onone";
				TARGETED_DEVICE_FAMILY = "1,2";
				VERSIONING_SYSTEM = "apple-generic";
				VERSION_INFO_PREFIX = "";
			};
			name = Debug;
		};
		3EFF1B2E1B1F2069000A3040 /* Release */ = {
			isa = XCBuildConfiguration;
			buildSettings = {
				ALWAYS_SEARCH_USER_PATHS = NO;
				CLANG_CXX_LANGUAGE_STANDARD = "gnu++0x";
				CLANG_CXX_LIBRARY = "libc++";
				CLANG_ENABLE_MODULES = YES;
				CLANG_ENABLE_OBJC_ARC = YES;
				CLANG_WARN_BOOL_CONVERSION = YES;
				CLANG_WARN_CONSTANT_CONVERSION = YES;
				CLANG_WARN_DIRECT_OBJC_ISA_USAGE = YES_ERROR;
				CLANG_WARN_EMPTY_BODY = YES;
				CLANG_WARN_ENUM_CONVERSION = YES;
				CLANG_WARN_INT_CONVERSION = YES;
				CLANG_WARN_OBJC_ROOT_CLASS = YES_ERROR;
				CLANG_WARN_UNREACHABLE_CODE = YES;
				CLANG_WARN__DUPLICATE_METHOD_MATCH = YES;
				"CODE_SIGN_IDENTITY[sdk=iphoneos*]" = "iPhone Developer";
				COPY_PHASE_STRIP = NO;
				CURRENT_PROJECT_VERSION = 1;
				DEBUG_INFORMATION_FORMAT = "dwarf-with-dsym";
				ENABLE_NS_ASSERTIONS = NO;
				ENABLE_STRICT_OBJC_MSGSEND = YES;
				GCC_C_LANGUAGE_STANDARD = gnu99;
				GCC_NO_COMMON_BLOCKS = YES;
				GCC_WARN_64_TO_32_BIT_CONVERSION = YES;
				GCC_WARN_ABOUT_RETURN_TYPE = YES_ERROR;
				GCC_WARN_UNDECLARED_SELECTOR = YES;
				GCC_WARN_UNINITIALIZED_AUTOS = YES_AGGRESSIVE;
				GCC_WARN_UNUSED_FUNCTION = YES;
				GCC_WARN_UNUSED_VARIABLE = YES;
				IPHONEOS_DEPLOYMENT_TARGET = 8.3;
				MTL_ENABLE_DEBUG_INFO = NO;
				SDKROOT = iphoneos;
				TARGETED_DEVICE_FAMILY = "1,2";
				VALIDATE_PRODUCT = YES;
				VERSIONING_SYSTEM = "apple-generic";
				VERSION_INFO_PREFIX = "";
			};
			name = Release;
		};
		3EFF1B301B1F2069000A3040 /* Debug */ = {
			isa = XCBuildConfiguration;
			buildSettings = {
				CLANG_ENABLE_MODULES = YES;
				DEFINES_MODULE = YES;
				DYLIB_COMPATIBILITY_VERSION = 1;
				DYLIB_CURRENT_VERSION = 1;
				DYLIB_INSTALL_NAME_BASE = "@rpath";
				GCC_INSTRUMENT_PROGRAM_FLOW_ARCS = NO;
				INFOPLIST_FILE = Verona/Info.plist;
				INSTALL_PATH = "$(LOCAL_LIBRARY_DIR)/Frameworks";
				LD_RUNPATH_SEARCH_PATHS = "$(inherited) @executable_path/Frameworks @loader_path/Frameworks";
				PRODUCT_BUNDLE_IDENTIFIER = "com.randazzo.$(PRODUCT_NAME:rfc1034identifier)";
				PRODUCT_NAME = "$(TARGET_NAME)";
				SKIP_INSTALL = YES;
				SWIFT_OPTIMIZATION_LEVEL = "-Onone";
				SWIFT_VERSION = 3.0;
			};
			name = Debug;
		};
		3EFF1B311B1F2069000A3040 /* Release */ = {
			isa = XCBuildConfiguration;
			buildSettings = {
				CLANG_ENABLE_MODULES = YES;
				DEFINES_MODULE = YES;
				DYLIB_COMPATIBILITY_VERSION = 1;
				DYLIB_CURRENT_VERSION = 1;
				DYLIB_INSTALL_NAME_BASE = "@rpath";
				GCC_INSTRUMENT_PROGRAM_FLOW_ARCS = NO;
				INFOPLIST_FILE = Verona/Info.plist;
				INSTALL_PATH = "$(LOCAL_LIBRARY_DIR)/Frameworks";
				LD_RUNPATH_SEARCH_PATHS = "$(inherited) @executable_path/Frameworks @loader_path/Frameworks";
				PRODUCT_BUNDLE_IDENTIFIER = "com.randazzo.$(PRODUCT_NAME:rfc1034identifier)";
				PRODUCT_NAME = "$(TARGET_NAME)";
				SKIP_INSTALL = YES;
				SWIFT_VERSION = 3.0;
			};
			name = Release;
		};
		3EFF1B331B1F2069000A3040 /* Debug */ = {
			isa = XCBuildConfiguration;
			baseConfigurationReference = E83A3C022FA1BA111126EEEF /* Pods-VeronaTests.debug.xcconfig */;
			buildSettings = {
				BUNDLE_LOADER = "$(TEST_HOST)";
				CLANG_ENABLE_CODE_COVERAGE = NO;
				CLANG_ENABLE_MODULES = YES;
				FRAMEWORK_SEARCH_PATHS = (
					"$(SDKROOT)/Developer/Library/Frameworks",
					"$(inherited)",
				);
				GCC_PREPROCESSOR_DEFINITIONS = (
					"DEBUG=1",
					"$(inherited)",
				);
				INFOPLIST_FILE = VeronaTests/Info.plist;
				LD_RUNPATH_SEARCH_PATHS = "$(inherited) @executable_path/Frameworks @loader_path/Frameworks";
				PRODUCT_BUNDLE_IDENTIFIER = "com.randazzo.$(PRODUCT_NAME:rfc1034identifier)";
				PRODUCT_NAME = "$(TARGET_NAME)";
				SWIFT_OBJC_BRIDGING_HEADER = "";
				SWIFT_OPTIMIZATION_LEVEL = "-Onone";
				SWIFT_VERSION = 3.0;
				TEST_HOST = "$(BUILT_PRODUCTS_DIR)/VeronaApp.app/VeronaApp";
			};
			name = Debug;
		};
		3EFF1B341B1F2069000A3040 /* Release */ = {
			isa = XCBuildConfiguration;
			baseConfigurationReference = 650D1DF05FA73FF142B67E72 /* Pods-VeronaTests.release.xcconfig */;
			buildSettings = {
				BUNDLE_LOADER = "$(TEST_HOST)";
				CLANG_ENABLE_CODE_COVERAGE = NO;
				CLANG_ENABLE_MODULES = YES;
				FRAMEWORK_SEARCH_PATHS = (
					"$(SDKROOT)/Developer/Library/Frameworks",
					"$(inherited)",
				);
				INFOPLIST_FILE = VeronaTests/Info.plist;
				LD_RUNPATH_SEARCH_PATHS = "$(inherited) @executable_path/Frameworks @loader_path/Frameworks";
				PRODUCT_BUNDLE_IDENTIFIER = "com.randazzo.$(PRODUCT_NAME:rfc1034identifier)";
				PRODUCT_NAME = "$(TARGET_NAME)";
				SWIFT_OBJC_BRIDGING_HEADER = "";
				SWIFT_VERSION = 3.0;
				TEST_HOST = "$(BUILT_PRODUCTS_DIR)/VeronaApp.app/VeronaApp";
			};
			name = Release;
		};
/* End XCBuildConfiguration section */

/* Begin XCConfigurationList section */
		3E9496F01BC70E310016B12A /* Build configuration list for PBXNativeTarget "VeronaApp" */ = {
			isa = XCConfigurationList;
			buildConfigurations = (
				3E9496EE1BC70E310016B12A /* Debug */,
				3E9496EF1BC70E310016B12A /* Release */,
			);
			defaultConfigurationIsVisible = 0;
			defaultConfigurationName = Release;
		};
		3EFF1B131B1F2069000A3040 /* Build configuration list for PBXProject "Verona" */ = {
			isa = XCConfigurationList;
			buildConfigurations = (
				3EFF1B2D1B1F2069000A3040 /* Debug */,
				3EFF1B2E1B1F2069000A3040 /* Release */,
			);
			defaultConfigurationIsVisible = 0;
			defaultConfigurationName = Release;
		};
		3EFF1B2F1B1F2069000A3040 /* Build configuration list for PBXNativeTarget "Verona" */ = {
			isa = XCConfigurationList;
			buildConfigurations = (
				3EFF1B301B1F2069000A3040 /* Debug */,
				3EFF1B311B1F2069000A3040 /* Release */,
			);
			defaultConfigurationIsVisible = 0;
			defaultConfigurationName = Release;
		};
		3EFF1B321B1F2069000A3040 /* Build configuration list for PBXNativeTarget "VeronaTests" */ = {
			isa = XCConfigurationList;
			buildConfigurations = (
				3EFF1B331B1F2069000A3040 /* Debug */,
				3EFF1B341B1F2069000A3040 /* Release */,
			);
			defaultConfigurationIsVisible = 0;
			defaultConfigurationName = Release;
		};
/* End XCConfigurationList section */
	};
	rootObject = 3EFF1B101B1F2069000A3040 /* Project object */;
}
