PODS:
  - FBSnapshotTestCase/Core (2.1.2)
  - FBSnapshotTestCase/SwiftSupport (2.1.2):
    - FBSnapshotTestCase/Core
  - Verona (2.0.0)

DEPENDENCIES:
  - FBSnapshotTestCase/SwiftSupport (from `https://github.com/facebook/ios-snapshot-test-case.git`, commit `da629211c17a4c507e2e866e8a19ed3122af770b`)
  - Verona (from `./`)

EXTERNAL SOURCES:
  FBSnapshotTestCase:
    :commit: da629211c17a4c507e2e866e8a19ed3122af770b
    :git: https://github.com/facebook/ios-snapshot-test-case.git
  Verona:
    :path: "./"

CHECKOUT OPTIONS:
  FBSnapshotTestCase:
    :commit: da629211c17a4c507e2e866e8a19ed3122af770b
    :git: https://github.com/facebook/ios-snapshot-test-case.git

SPEC CHECKSUMS:
  FBSnapshotTestCase: 918c55861356ee83aee7843d759f55a18ff6982b
  Verona: bd06e6a7252edc181618b78c2d339a6edbf74cbe

PODFILE CHECKSUM: b58ef0fd53a7688f70590ca6524a638e7325b479

COCOAPODS: 1.6.1
